
Microsoft Visual Studio Solution File, Format Version 12.00
# Visual Studio 2017
Project("{FAE04EC0-301F-11D3-BF4B-00C04F79EFBC}") = "space-cruiser", "space-cruiser.csproj", "{C2E64055-C42C-D684-CB0B-78F272853CC4}"
EndProject
Global
	GlobalSection(SolutionConfigurationPlatforms) = preSolution
		Debug|Any CPU = Debug|Any CPU
		Release|Any CPU = Release|Any CPU
	EndGlobalSection
	GlobalSection(ProjectConfigurationPlatforms) = postSolution
		{C2E64055-C42C-D684-CB0B-78F272853CC4}.Debug|Any CPU.ActiveCfg = Debug|Any CPU
		{C2E64055-C42C-D684-CB0B-78F272853CC4}.Debug|Any CPU.Build.0 = Debug|Any CPU
		{C2E64055-C42C-D684-CB0B-78F272853CC4}.Release|Any CPU.ActiveCfg = Release|Any CPU
		{C2E64055-C42C-D684-CB0B-78F272853CC4}.Release|Any CPU.Build.0 = Release|Any CPU
	EndGlobalSection
	GlobalSection(SolutionProperties) = preSolution
		HideSolutionNode = FALSE
	EndGlobalSection
EndGlobal
